
Microsoft Visual Studio Solution File, Format Version 12.00
# Visual Studio 15
VisualStudioVersion = 15.0.26730.12
MinimumVisualStudioVersion = 10.0.40219.1
Project("{FAE04EC0-301F-11D3-BF4B-00C04F79EFBC}") = "RemoteDebugManager", "RemoteDebugManager.csproj", "{E3CEE159-D713-4D35-8B7D-1459C18D93D1}"
EndProject
Global
	GlobalSection(SolutionConfigurationPlatforms) = preSolution
		Debug|Any CPU = Debug|Any CPU
		Release|Any CPU = Release|Any CPU
	EndGlobalSection
	GlobalSection(ProjectConfigurationPlatforms) = postSolution
		{E3CEE159-D713-4D35-8B7D-1459C18D93D1}.Debug|Any CPU.ActiveCfg = Debug|Any CPU
		{E3CEE159-D713-4D35-8B7D-1459C18D93D1}.Debug|Any CPU.Build.0 = Debug|Any CPU
		{E3CEE159-D713-4D35-8B7D-1459C18D93D1}.Release|Any CPU.ActiveCfg = Release|Any CPU
		{E3CEE159-D713-4D35-8B7D-1459C18D93D1}.Release|Any CPU.Build.0 = Release|Any CPU
	EndGlobalSection
	GlobalSection(SolutionProperties) = preSolution
		HideSolutionNode = FALSE
	EndGlobalSection
	GlobalSection(ExtensibilityGlobals) = postSolution
		SolutionGuid = {7EAB99C6-B06B-4800-91AE-A14AD524DF9B}
	EndGlobalSection
EndGlobal
